// !$*UTF8*$!
{
	archiveVersion = 1;
	classes = {
	};
	objectVersion = 46;
	objects = {

/* Begin PBXBuildFile section */
		162EBE041E87714D003121FA /* main.m in Sources */ = {isa = PBXBuildFile; fileRef = 162EBE031E87714D003121FA /* main.m */; };
		162EBE071E87714D003121FA /* AppDelegate.m in Sources */ = {isa = PBXBuildFile; fileRef = 162EBE061E87714D003121FA /* AppDelegate.m */; };
		162EBE0A1E87714D003121FA /* ViewController.m in Sources */ = {isa = PBXBuildFile; fileRef = 162EBE091E87714D003121FA /* ViewController.m */; };
		162EBE0D1E87714D003121FA /* Main.storyboard in Resources */ = {isa = PBXBuildFile; fileRef = 162EBE0B1E87714D003121FA /* Main.storyboard */; };
		162EBE0F1E87714D003121FA /* Assets.xcassets in Resources */ = {isa = PBXBuildFile; fileRef = 162EBE0E1E87714D003121FA /* Assets.xcassets */; };
		162EBE121E87714D003121FA /* LaunchScreen.storyboard in Resources */ = {isa = PBXBuildFile; fileRef = 162EBE101E87714D003121FA /* LaunchScreen.storyboard */; };
/* End PBXBuildFile section */

/* Begin PBXFileReference section */
		162EBDFF1E87714D003121FA /* RKlogRuntime.app */ = {isa = PBXFileReference; explicitFileType = wrapper.application; includeInIndex = 0; path = RKlogRuntime.app; sourceTree = BUILT_PRODUCTS_DIR; };
		162EBE031E87714D003121FA /* main.m */ = {isa = PBXFileReference; lastKnownFileType = sourcecode.c.objc; path = main.m; sourceTree = "<group>"; };
		162EBE051E87714D003121FA /* AppDelegate.h */ = {isa = PBXFileReference; lastKnownFileType = sourcecode.c.h; path = AppDelegate.h; sourceTree = "<group>"; };
		162EBE061E87714D003121FA /* AppDelegate.m */ = {isa = PBXFileReference; lastKnownFileType = sourcecode.c.objc; path = AppDelegate.m; sourceTree = "<group>"; };
		162EBE081E87714D003121FA /* ViewController.h */ = {isa = PBXFileReference; lastKnownFileType = sourcecode.c.h; path = ViewController.h; sourceTree = "<group>"; };
		162EBE091E87714D003121FA /* ViewController.m */ = {isa = PBXFileReference; lastKnownFileType = sourcecode.c.objc; path = ViewController.m; sourceTree = "<group>"; };
		162EBE0C1E87714D003121FA /* Base */ = {isa = PBXFileReference; lastKnownFileType = file.storyboard; name = Base; path = Base.lproj/Main.storyboard; sourceTree = "<group>"; };
		162EBE0E1E87714D003121FA /* Assets.xcassets */ = {isa = PBXFileReference; lastKnownFileType = folder.assetcatalog; path = Assets.xcassets; sourceTree = "<group>"; };
		162EBE111E87714D003121FA /* Base */ = {isa = PBXFileReference; lastKnownFileType = file.storyboard; name = Base; path = Base.lproj/LaunchScreen.storyboard; sourceTree = "<group>"; };
		162EBE131E87714D003121FA /* Info.plist */ = {isa = PBXFileReference; lastKnownFileType = text.plist.xml; path = Info.plist; sourceTree = "<group>"; };
/* End PBXFileReference section */

/* Begin PBXFrameworksBuildPhase section */
		162EBDFC1E87714D003121FA /* Frameworks */ = {
			isa = PBXFrameworksBuildPhase;
			buildActionMask = 2147483647;
			files = (
			);
			runOnlyForDeploymentPostprocessing = 0;
		};
/* End PBXFrameworksBuildPhase section */

/* Begin PBXGroup section */
		162EBDF61E87714D003121FA = {
			isa = PBXGroup;
			children = (
				162EBE011E87714D003121FA /* RKlogRuntime */,
				162EBE001E87714D003121FA /* Products */,
			);
			sourceTree = "<group>";
		};
		162EBE001E87714D003121FA /* Products */ = {
			isa = PBXGroup;
			children = (
				162EBDFF1E87714D003121FA /* RKlogRuntime.app */,
			);
			name = Products;
			sourceTree = "<group>";
		};
		162EBE011E87714D003121FA /* RKlogRuntime */ = {
			isa = PBXGroup;
			children = (
				162EBE051E87714D003121FA /* AppDelegate.h */,
				162EBE061E87714D003121FA /* AppDelegate.m */,
				162EBE081E87714D003121FA /* ViewController.h */,
				162EBE091E87714D003121FA /* ViewController.m */,
				162EBE0B1E87714D003121FA /* Main.storyboard */,
				162EBE0E1E87714D003121FA /* Assets.xcassets */,
				162EBE101E87714D003121FA /* LaunchScreen.storyboard */,
				162EBE131E87714D003121FA /* Info.plist */,
				162EBE021E87714D003121FA /* Supporting Files */,
			);
			path = RKlogRuntime;
			sourceTree = "<group>";
		};
		162EBE021E87714D003121FA /* Supporting Files */ = {
			isa = PBXGroup;
			children = (
				162EBE031E87714D003121FA /* main.m */,
			);
			name = "Supporting Files";
			sourceTree = "<group>";
		};
/* End PBXGroup section */

/* Begin PBXNativeTarget section */
		162EBDFE1E87714D003121FA /* RKlogRuntime */ = {
			isa = PBXNativeTarget;
			buildConfigurationList = 162EBE161E87714D003121FA /* Build configuration list for PBXNativeTarget "RKlogRuntime" */;
			buildPhases = (
				162EBDFB1E87714D003121FA /* Sources */,
				162EBDFC1E87714D003121FA /* Frameworks */,
				162EBDFD1E87714D003121FA /* Resources */,
			);
			buildRules = (
			);
			dependencies = (
			);
			name = RKlogRuntime;
			productName = RKlogRuntime;
			productReference = 162EBDFF1E87714D003121FA /* RKlogRuntime.app */;
			productType = "com.apple.product-type.application";
		};
/* End PBXNativeTarget section */

/* Begin PBXProject section */
		162EBDF71E87714D003121FA /* Project object */ = {
			isa = PBXProject;
			attributes = {
				LastUpgradeCheck = 0820;
				ORGANIZATIONNAME = rankilau;
				TargetAttributes = {
					162EBDFE1E87714D003121FA = {
						CreatedOnToolsVersion = 8.2.1;
						ProvisioningStyle = Automatic;
					};
				};
			};
			buildConfigurationList = 162EBDFA1E87714D003121FA /* Build configuration list for PBXProject "RKlogRuntime" */;
			compatibilityVersion = "Xcode 3.2";
			developmentRegion = English;
			hasScannedForEncodings = 0;
			knownRegions = (
				en,
				Base,
			);
			mainGroup = 162EBDF61E87714D003121FA;
			productRefGroup = 162EBE001E87714D003121FA /* Products */;
			projectDirPath = "";
			projectRoot = "";
			targets = (
				162EBDFE1E87714D003121FA /* RKlogRuntime */,
			);
		};
/* End PBXProject section */

/* Begin PBXResourcesBuildPhase section */
		162EBDFD1E87714D003121FA /* Resources */ = {
			isa = PBXResourcesBuildPhase;
			buildActionMask = 2147483647;
			files = (
				162EBE121E87714D003121FA /* LaunchScreen.storyboard in Resources */,
				162EBE0F1E87714D003121FA /* Assets.xcassets in Resources */,
				162EBE0D1E87714D003121FA /* Main.storyboard in Resources */,
			);
			runOnlyForDeploymentPostprocessing = 0;
		};
/* End PBXResourcesBuildPhase section */

/* Begin PBXSourcesBuildPhase section */
		162EBDFB1E87714D003121FA /* Sources */ = {
			isa = PBXSourcesBuildPhase;
			buildActionMask = 2147483647;
			files = (
				162EBE0A1E87714D003121FA /* ViewController.m in Sources */,
				162EBE071E87714D003121FA /* AppDelegate.m in Sources */,
				162EBE041E87714D003121FA /* main.m in Sources */,
			);
			runOnlyForDeploymentPostprocessing = 0;
		};
/* End PBXSourcesBuildPhase section */

/* Begin PBXVariantGroup section */
		162EBE0B1E87714D003121FA /* Main.storyboard */ = {
			isa = PBXVariantGroup;
			children = (
				162EBE0C1E87714D003121FA /* Base */,
			);
			name = Main.storyboard;
			sourceTree = "<group>";
		};
		162EBE101E87714D003121FA /* LaunchScreen.storyboard */ = {
			isa = PBXVariantGroup;
			children = (
				162EBE111E87714D003121FA /* Base */,
			);
			name = LaunchScreen.storyboard;
			sourceTree = "<group>";
		};
/* End PBXVariantGroup section */

/* Begin XCBuildConfiguration section */
		162EBE141E87714D003121FA /* Debug */ = {
			isa = XCBuildConfiguration;
			buildSettings = {
				ALWAYS_SEARCH_USER_PATHS = NO;
				CLANG_ANALYZER_NONNULL = YES;
				CLANG_CXX_LANGUAGE_STANDARD = "gnu++0x";
				CLANG_CXX_LIBRARY = "libc++";
				CLANG_ENABLE_MODULES = YES;
				CLANG_ENABLE_OBJC_ARC = YES;
				CLANG_WARN_BOOL_CONVERSION = YES;
				CLANG_WARN_CONSTANT_CONVERSION = YES;
				CLANG_WARN_DIRECT_OBJC_ISA_USAGE = YES_ERROR;
				CLANG_WARN_DOCUMENTATION_COMMENTS = YES;
				CLANG_WARN_EMPTY_BODY = YES;
				CLANG_WARN_ENUM_CONVERSION = YES;
				CLANG_WARN_INFINITE_RECURSION = YES;
				CLANG_WARN_INT_CONVERSION = YES;
				CLANG_WARN_OBJC_ROOT_CLASS = YES_ERROR;
				CLANG_WARN_SUSPICIOUS_MOVE = YES;
				CLANG_WARN_UNREACHABLE_CODE = YES;
				CLANG_WARN__DUPLICATE_METHOD_MATCH = YES;
				"CODE_SIGN_IDENTITY[sdk=iphoneos*]" = "iPhone Developer";
				COPY_PHASE_STRIP = NO;
				DEBUG_INFORMATION_FORMAT = dwarf;
				ENABLE_STRICT_OBJC_MSGSEND = YES;
				ENABLE_TESTABILITY = YES;
				GCC_C_LANGUAGE_STANDARD = gnu99;
				GCC_DYNAMIC_NO_PIC = NO;
				GCC_NO_COMMON_BLOCKS = YES;
				GCC_OPTIMIZATION_LEVEL = 0;
				GCC_PREPROCESSOR_DEFINITIONS = (
					"DEBUG=1",
					"$(inherited)",
				);
				GCC_WARN_64_TO_32_BIT_CONVERSION = YES;
				GCC_WARN_ABOUT_RETURN_TYPE = YES_ERROR;
				GCC_WARN_UNDECLARED_SELECTOR = YES;
				GCC_WARN_UNINITIALIZED_AUTOS = YES_AGGRESSIVE;
				GCC_WARN_UNUSED_FUNCTION = YES;
				GCC_WARN_UNUSED_VARIABLE = YES;
				IPHONEOS_DEPLOYMENT_TARGET = 10.2;
				MTL_ENABLE_DEBUG_INFO = YES;
				ONLY_ACTIVE_ARCH = YES;
				SDKROOT = iphoneos;
			};
			name = Debug;
		};
		162EBE151E87714D003121FA /* Release */ = {
			isa = XCBuildConfiguration;
			buildSettings = {
				ALWAYS_SEARCH_USER_PATHS = NO;
				CLANG_ANALYZER_NONNULL = YES;
				CLANG_CXX_LANGUAGE_STANDARD = "gnu++0x";
				CLANG_CXX_LIBRARY = "libc++";
				CLANG_ENABLE_MODULES = YES;
				CLANG_ENABLE_OBJC_ARC = YES;
				CLANG_WARN_BOOL_CONVERSION = YES;
				CLANG_WARN_CONSTANT_CONVERSION = YES;
				CLANG_WARN_DIRECT_OBJC_ISA_USAGE = YES_ERROR;
				CLANG_WARN_DOCUMENTATION_COMMENTS = YES;
				CLANG_WARN_EMPTY_BODY = YES;
				CLANG_WARN_ENUM_CONVERSION = YES;
				CLANG_WARN_INFINITE_RECURSION = YES;
				CLANG_WARN_INT_CONVERSION = YES;
				CLANG_WARN_OBJC_ROOT_CLASS = YES_ERROR;
				CLANG_WARN_SUSPICIOUS_MOVE = YES;
				CLANG_WARN_UNREACHABLE_CODE = YES;
				CLANG_WARN__DUPLICATE_METHOD_MATCH = YES;
				"CODE_SIGN_IDENTITY[sdk=iphoneos*]" = "iPhone Developer";
				COPY_PHASE_STRIP = NO;
				DEBUG_INFORMATION_FORMAT = "dwarf-with-dsym";
				ENABLE_NS_ASSERTIONS = NO;
				ENABLE_STRICT_OBJC_MSGSEND = YES;
				GCC_C_LANGUAGE_STANDARD = gnu99;
				GCC_NO_COMMON_BLOCKS = YES;
				GCC_WARN_64_TO_32_BIT_CONVERSION = YES;
				GCC_WARN_ABOUT_RETURN_TYPE = YES_ERROR;
				GCC_WARN_UNDECLARED_SELECTOR = YES;
				GCC_WARN_UNINITIALIZED_AUTOS = YES_AGGRESSIVE;
				GCC_WARN_UNUSED_FUNCTION = YES;
				GCC_WARN_UNUSED_VARIABLE = YES;
				IPHONEOS_DEPLOYMENT_TARGET = 10.2;
				MTL_ENABLE_DEBUG_INFO = NO;
				SDKROOT = iphoneos;
				VALIDATE_PRODUCT = YES;
			};
			name = Release;
		};
		162EBE171E87714D003121FA /* Debug */ = {
			isa = XCBuildConfiguration;
			buildSettings = {
				ASSETCATALOG_COMPILER_APPICON_NAME = AppIcon;
				INFOPLIST_FILE = RKlogRuntime/Info.plist;
				IPHONEOS_DEPLOYMENT_TARGET = 10.1;
				LD_RUNPATH_SEARCH_PATHS = "$(inherited) @executable_path/Frameworks";
				PRODUCT_BUNDLE_IDENTIFIER = com.rankiLau.RKlogRuntime;
				PRODUCT_NAME = "$(TARGET_NAME)";
			};
			name = Debug;
		};
		162EBE181E87714D003121FA /* Release */ = {
			isa = XCBuildConfiguration;
			buildSettings = {
				ASSETCATALOG_COMPILER_APPICON_NAME = AppIcon;
				INFOPLIST_FILE = RKlogRuntime/Info.plist;
				IPHONEOS_DEPLOYMENT_TARGET = 10.1;
				LD_RUNPATH_SEARCH_PATHS = "$(inherited) @executable_path/Frameworks";
				PRODUCT_BUNDLE_IDENTIFIER = com.rankiLau.RKlogRuntime;
				PRODUCT_NAME = "$(TARGET_NAME)";
			};
			name = Release;
		};
/* End XCBuildConfiguration section */

/* Begin XCConfigurationList section */
		162EBDFA1E87714D003121FA /* Build configuration list for PBXProject "RKlogRuntime" */ = {
			isa = XCConfigurationList;
			buildConfigurations = (
				162EBE141E87714D003121FA /* Debug */,
				162EBE151E87714D003121FA /* Release */,
			);
			defaultConfigurationIsVisible = 0;
			defaultConfigurationName = Release;
		};
		162EBE161E87714D003121FA /* Build configuration list for PBXNativeTarget "RKlogRuntime" */ = {
			isa = XCConfigurationList;
			buildConfigurations = (
				162EBE171E87714D003121FA /* Debug */,
				162EBE181E87714D003121FA /* Release */,
			);
			defaultConfigurationIsVisible = 0;
			defaultConfigurationName = Release;
		};
/* End XCConfigurationList section */
	};
	rootObject = 162EBDF71E87714D003121FA /* Project object */;
}
